
Microsoft Visual Studio Solution File, Format Version 12.00
# Visual Studio 14
VisualStudioVersion = 14.0.24720.0
MinimumVisualStudioVersion = 10.0.40219.1
Project("{2150E333-8FDC-42A3-9474-1A3956D46DE8}") = "src", "src", "{923BF92E-7159-4377-8587-F61115415C69}"
EndProject
Project("{2150E333-8FDC-42A3-9474-1A3956D46DE8}") = "tests", "tests", "{175C908D-9A2E-4598-AF73-9C24425124A3}"
EndProject
Project("{2150E333-8FDC-42A3-9474-1A3956D46DE8}") = "Util", "Util", "{09E25988-FB22-4C51-B826-6105E1BC33EC}"
EndProject
Project("{2150E333-8FDC-42A3-9474-1A3956D46DE8}") = "Domain", "Domain", "{0485ED30-2FE8-4363-AD4D-F861334887DC}"
EndProject
Project("{2150E333-8FDC-42A3-9474-1A3956D46DE8}") = "Services", "Services", "{CABC4B59-2A7A-41F8-ABFC-0D94D7B48ECB}"
EndProject
Project("{2150E333-8FDC-42A3-9474-1A3956D46DE8}") = "Infrastructure", "Infrastructure", "{D218B4D1-A3A3-4CCE-BF65-B94219515DEB}"
EndProject
Project("{2150E333-8FDC-42A3-9474-1A3956D46DE8}") = "Solution Items", "Solution Items", "{5647DDBD-DB9F-446D-92F8-9535455B5589}"
	ProjectSection(SolutionItems) = preProject
		global.json = global.json
	EndProjectSection
EndProject
Project("{8BB2217D-0F2D-49D1-97BC-3654ED321F3B}") = "Hunter", "src\Hunter\Hunter.xproj", "{E0F08802-A012-4262-AF3F-957DC1CA4502}"
EndProject
Project("{8BB2217D-0F2D-49D1-97BC-3654ED321F3B}") = "Hunter.Domain.Core", "src\Hunter.Domain.Core\Hunter.Domain.Core.xproj", "{F9E85147-7CE0-4A71-9A8A-26309C8CF5AD}"
EndProject
Project("{8BB2217D-0F2D-49D1-97BC-3654ED321F3B}") = "Hunter.Domain.Interfaces", "src\Hunter.Domain.Interfaces\Hunter.Domain.Interfaces.xproj", "{04B32722-1FAA-456C-A81B-C66058920D37}"
EndProject
Project("{8BB2217D-0F2D-49D1-97BC-3654ED321F3B}") = "Hunter.Services.Interfaces", "src\Hunter.Services.Interfaces\Hunter.Services.Interfaces.xproj", "{42F4F7D2-5CD7-4B89-BDCE-452B8C202D40}"
EndProject
Project("{8BB2217D-0F2D-49D1-97BC-3654ED321F3B}") = "Hunter.Infrastructure.Data", "src\Hunter.Infrastructure.Data\Hunter.Infrastructure.Data.xproj", "{985CF904-4BF8-4577-B394-49B214DCEEC3}"
EndProject
Project("{8BB2217D-0F2D-49D1-97BC-3654ED321F3B}") = "Hunter.Infrastructure.Business", "src\Hunter.Infrastructure.Business\Hunter.Infrastructure.Business.xproj", "{2FC202A3-CE66-4523-80CA-B795FF1A264D}"
EndProject
Project("{8BB2217D-0F2D-49D1-97BC-3654ED321F3B}") = "Hunter.Web.Test", "test\Hunter.Web.Test\Hunter.Web.Test.xproj", "{650A5A85-5956-491E-9312-5E25A27D1108}"
EndProject
Project("{8BB2217D-0F2D-49D1-97BC-3654ED321F3B}") = "Hunter.DependencyResolver", "src\Hunter.DependencyResolver\Hunter.DependencyResolver.xproj", "{20E9F184-B6BE-413D-96D6-19B0F2BBBA12}"
EndProject
Global
	GlobalSection(SolutionConfigurationPlatforms) = preSolution
		Debug|Any CPU = Debug|Any CPU
		Release|Any CPU = Release|Any CPU
	EndGlobalSection
	GlobalSection(ProjectConfigurationPlatforms) = postSolution
		{E0F08802-A012-4262-AF3F-957DC1CA4502}.Debug|Any CPU.ActiveCfg = Debug|Any CPU
		{E0F08802-A012-4262-AF3F-957DC1CA4502}.Debug|Any CPU.Build.0 = Debug|Any CPU
		{E0F08802-A012-4262-AF3F-957DC1CA4502}.Release|Any CPU.ActiveCfg = Release|Any CPU
		{E0F08802-A012-4262-AF3F-957DC1CA4502}.Release|Any CPU.Build.0 = Release|Any CPU
		{F9E85147-7CE0-4A71-9A8A-26309C8CF5AD}.Debug|Any CPU.ActiveCfg = Debug|Any CPU
		{F9E85147-7CE0-4A71-9A8A-26309C8CF5AD}.Debug|Any CPU.Build.0 = Debug|Any CPU
		{F9E85147-7CE0-4A71-9A8A-26309C8CF5AD}.Release|Any CPU.ActiveCfg = Release|Any CPU
		{F9E85147-7CE0-4A71-9A8A-26309C8CF5AD}.Release|Any CPU.Build.0 = Release|Any CPU
		{04B32722-1FAA-456C-A81B-C66058920D37}.Debug|Any CPU.ActiveCfg = Debug|Any CPU
		{04B32722-1FAA-456C-A81B-C66058920D37}.Debug|Any CPU.Build.0 = Debug|Any CPU
		{04B32722-1FAA-456C-A81B-C66058920D37}.Release|Any CPU.ActiveCfg = Release|Any CPU
		{04B32722-1FAA-456C-A81B-C66058920D37}.Release|Any CPU.Build.0 = Release|Any CPU
		{42F4F7D2-5CD7-4B89-BDCE-452B8C202D40}.Debug|Any CPU.ActiveCfg = Debug|Any CPU
		{42F4F7D2-5CD7-4B89-BDCE-452B8C202D40}.Debug|Any CPU.Build.0 = Debug|Any CPU
		{42F4F7D2-5CD7-4B89-BDCE-452B8C202D40}.Release|Any CPU.ActiveCfg = Release|Any CPU
		{42F4F7D2-5CD7-4B89-BDCE-452B8C202D40}.Release|Any CPU.Build.0 = Release|Any CPU
		{985CF904-4BF8-4577-B394-49B214DCEEC3}.Debug|Any CPU.ActiveCfg = Debug|Any CPU
		{985CF904-4BF8-4577-B394-49B214DCEEC3}.Debug|Any CPU.Build.0 = Debug|Any CPU
		{985CF904-4BF8-4577-B394-49B214DCEEC3}.Release|Any CPU.ActiveCfg = Release|Any CPU
		{985CF904-4BF8-4577-B394-49B214DCEEC3}.Release|Any CPU.Build.0 = Release|Any CPU
		{2FC202A3-CE66-4523-80CA-B795FF1A264D}.Debug|Any CPU.ActiveCfg = Debug|Any CPU
		{2FC202A3-CE66-4523-80CA-B795FF1A264D}.Debug|Any CPU.Build.0 = Debug|Any CPU
		{2FC202A3-CE66-4523-80CA-B795FF1A264D}.Release|Any CPU.ActiveCfg = Release|Any CPU
		{2FC202A3-CE66-4523-80CA-B795FF1A264D}.Release|Any CPU.Build.0 = Release|Any CPU
		{650A5A85-5956-491E-9312-5E25A27D1108}.Debug|Any CPU.ActiveCfg = Debug|Any CPU
		{650A5A85-5956-491E-9312-5E25A27D1108}.Debug|Any CPU.Build.0 = Debug|Any CPU
		{650A5A85-5956-491E-9312-5E25A27D1108}.Release|Any CPU.ActiveCfg = Release|Any CPU
		{650A5A85-5956-491E-9312-5E25A27D1108}.Release|Any CPU.Build.0 = Release|Any CPU
		{20E9F184-B6BE-413D-96D6-19B0F2BBBA12}.Debug|Any CPU.ActiveCfg = Debug|Any CPU
		{20E9F184-B6BE-413D-96D6-19B0F2BBBA12}.Debug|Any CPU.Build.0 = Debug|Any CPU
		{20E9F184-B6BE-413D-96D6-19B0F2BBBA12}.Release|Any CPU.ActiveCfg = Release|Any CPU
		{20E9F184-B6BE-413D-96D6-19B0F2BBBA12}.Release|Any CPU.Build.0 = Release|Any CPU
	EndGlobalSection
	GlobalSection(SolutionProperties) = preSolution
		HideSolutionNode = FALSE
	EndGlobalSection
	GlobalSection(NestedProjects) = preSolution
		{E0F08802-A012-4262-AF3F-957DC1CA4502} = {923BF92E-7159-4377-8587-F61115415C69}
		{F9E85147-7CE0-4A71-9A8A-26309C8CF5AD} = {0485ED30-2FE8-4363-AD4D-F861334887DC}
		{04B32722-1FAA-456C-A81B-C66058920D37} = {0485ED30-2FE8-4363-AD4D-F861334887DC}
		{0485ED30-2FE8-4363-AD4D-F861334887DC} = {923BF92E-7159-4377-8587-F61115415C69}
		{CABC4B59-2A7A-41F8-ABFC-0D94D7B48ECB} = {923BF92E-7159-4377-8587-F61115415C69}
		{42F4F7D2-5CD7-4B89-BDCE-452B8C202D40} = {CABC4B59-2A7A-41F8-ABFC-0D94D7B48ECB}
		{D218B4D1-A3A3-4CCE-BF65-B94219515DEB} = {923BF92E-7159-4377-8587-F61115415C69}
		{985CF904-4BF8-4577-B394-49B214DCEEC3} = {D218B4D1-A3A3-4CCE-BF65-B94219515DEB}
		{2FC202A3-CE66-4523-80CA-B795FF1A264D} = {D218B4D1-A3A3-4CCE-BF65-B94219515DEB}
		{650A5A85-5956-491E-9312-5E25A27D1108} = {175C908D-9A2E-4598-AF73-9C24425124A3}
		{09E25988-FB22-4C51-B826-6105E1BC33EC} = {923BF92E-7159-4377-8587-F61115415C69}
		{20E9F184-B6BE-413D-96D6-19B0F2BBBA12} = {09E25988-FB22-4C51-B826-6105E1BC33EC}
	EndGlobalSection
EndGlobal
